
Microsoft Visual Studio Solution File, Format Version 12.00
# Visual Studio Version 16
VisualStudioVersion = 16.0.31729.503
MinimumVisualStudioVersion = 10.0.40219.1
Project("{9A19103F-16F7-4668-BE54-9A1E7A4F7556}") = "eBookStoreWebApi", "eBookStoreWebApi\eBookStoreWebApi.csproj", "{E159F613-6D65-45C7-AE3A-00D6531987C2}"
EndProject
Project("{9A19103F-16F7-4668-BE54-9A1E7A4F7556}") = "DataAccess", "DataAccess\DataAccess.csproj", "{6C3AFC31-9894-4C32-A86C-DDEE3F8E4C3E}"
EndProject
Project("{9A19103F-16F7-4668-BE54-9A1E7A4F7556}") = "BusinessLayer", "BusinessLayer\BusinessLayer.csproj", "{888AC544-4B57-4F10-94A1-A17C0CD9B64C}"
EndProject
Project("{FAE04EC0-301F-11D3-BF4B-00C04F79EFBC}") = "eBookStore", "eBookStore\eBookStore.csproj", "{9695F095-68E0-496C-A4BB-2CF948E817D8}"
EndProject
Global
	GlobalSection(SolutionConfigurationPlatforms) = preSolution
		Debug|Any CPU = Debug|Any CPU
		Release|Any CPU = Release|Any CPU
	EndGlobalSection
	GlobalSection(ProjectConfigurationPlatforms) = postSolution
		{E159F613-6D65-45C7-AE3A-00D6531987C2}.Debug|Any CPU.ActiveCfg = Debug|Any CPU
		{E159F613-6D65-45C7-AE3A-00D6531987C2}.Debug|Any CPU.Build.0 = Debug|Any CPU
		{E159F613-6D65-45C7-AE3A-00D6531987C2}.Release|Any CPU.ActiveCfg = Release|Any CPU
		{E159F613-6D65-45C7-AE3A-00D6531987C2}.Release|Any CPU.Build.0 = Release|Any CPU
		{6C3AFC31-9894-4C32-A86C-DDEE3F8E4C3E}.Debug|Any CPU.ActiveCfg = Debug|Any CPU
		{6C3AFC31-9894-4C32-A86C-DDEE3F8E4C3E}.Debug|Any CPU.Build.0 = Debug|Any CPU
		{6C3AFC31-9894-4C32-A86C-DDEE3F8E4C3E}.Release|Any CPU.ActiveCfg = Release|Any CPU
		{6C3AFC31-9894-4C32-A86C-DDEE3F8E4C3E}.Release|Any CPU.Build.0 = Release|Any CPU
		{888AC544-4B57-4F10-94A1-A17C0CD9B64C}.Debug|Any CPU.ActiveCfg = Debug|Any CPU
		{888AC544-4B57-4F10-94A1-A17C0CD9B64C}.Debug|Any CPU.Build.0 = Debug|Any CPU
		{888AC544-4B57-4F10-94A1-A17C0CD9B64C}.Release|Any CPU.ActiveCfg = Release|Any CPU
		{888AC544-4B57-4F10-94A1-A17C0CD9B64C}.Release|Any CPU.Build.0 = Release|Any CPU
		{9695F095-68E0-496C-A4BB-2CF948E817D8}.Debug|Any CPU.ActiveCfg = Debug|Any CPU
		{9695F095-68E0-496C-A4BB-2CF948E817D8}.Debug|Any CPU.Build.0 = Debug|Any CPU
		{9695F095-68E0-496C-A4BB-2CF948E817D8}.Release|Any CPU.ActiveCfg = Release|Any CPU
		{9695F095-68E0-496C-A4BB-2CF948E817D8}.Release|Any CPU.Build.0 = Release|Any CPU
	EndGlobalSection
	GlobalSection(SolutionProperties) = preSolution
		HideSolutionNode = FALSE
	EndGlobalSection
	GlobalSection(ExtensibilityGlobals) = postSolution
		SolutionGuid = {5E9F697B-797E-4591-9DBA-A97A17019D1B}
	EndGlobalSection
EndGlobal
